
// !$*UTF8*$!
{
	archiveVersion = 1;
	classes = {
	};
	objectVersion = 56;
	objects = {

/* Begin PBXBuildFile section */
		EB067F872992E561004D1AD9 /* HelpContent.swift in Sources */ = {isa = PBXBuildFile; fileRef = EB067F862992E561004D1AD9 /* HelpContent.swift */; };
		EB33A51D2954D89F00B16357 /* StableDiffusion in Frameworks */ = {isa = PBXBuildFile; productRef = EB33A51C2954D89F00B16357 /* StableDiffusion */; };
		EB560F0429A3C20800C0F8B8 /* Capabilities.swift in Sources */ = {isa = PBXBuildFile; fileRef = EB560F0329A3C20800C0F8B8 /* Capabilities.swift */; };
		EBB5BA5329425BEE003A2A5B /* PipelineLoader.swift in Sources */ = {isa = PBXBuildFile; fileRef = EBB5BA5229425BEE003A2A5B /* PipelineLoader.swift */; };
		EBB5BA5829425E17003A2A5B /* Path in Frameworks */ = {isa = PBXBuildFile; productRef = EBB5BA5729425E17003A2A5B /* Path */; };
		EBB5BA5A29426E06003A2A5B /* Downloader.swift in Sources */ = {isa = PBXBuildFile; fileRef = EBB5BA5929426E06003A2A5B /* Downloader.swift */; };
		EBB5BA5D294504DE003A2A5B /* ZIPFoundation in Frameworks */ = {isa = PBXBuildFile; productRef = EBB5BA5C294504DE003A2A5B /* ZIPFoundation */; };
		EBDD7DAA29731F6C00C1C4B2 /* Pipeline.swift in Sources */ = {isa = PBXBuildFile; fileRef = EBE75601293E91E200806B32 /* Pipeline.swift */; };
		EBDD7DAB29731F7500C1C4B2 /* PipelineLoader.swift in Sources */ = {isa = PBXBuildFile; fileRef = EBB5BA5229425BEE003A2A5B /* PipelineLoader.swift */; };
		EBDD7DAD29731FB300C1C4B2 /* Path in Frameworks */ = {isa = PBXBuildFile; productRef = EBDD7DAC29731FB300C1C4B2 /* Path */; };
		EBDD7DAF29731FB300C1C4B2 /* ZIPFoundation in Frameworks */ = {isa = PBXBuildFile; productRef = EBDD7DAE29731FB300C1C4B2 /* ZIPFoundation */; };
		EBDD7DB129731FB300C1C4B2 /* StableDiffusion in Frameworks */ = {isa = PBXBuildFile; productRef = EBDD7DB029731FB300C1C4B2 /* StableDiffusion */; };
		EBDD7DB32973200200C1C4B2 /* Utils.swift in Sources */ = {isa = PBXBuildFile; fileRef = EBDD7DB22973200200C1C4B2 /* Utils.swift */; };
		EBDD7DB42973200200C1C4B2 /* Utils.swift in Sources */ = {isa = PBXBuildFile; fileRef = EBDD7DB22973200200C1C4B2 /* Utils.swift */; };
		EBDD7DB52973201800C1C4B2 /* ModelInfo.swift in Sources */ = {isa = PBXBuildFile; fileRef = EBE3FF4B295E1EFE00E921AA /* ModelInfo.swift */; };
		EBDD7DB62973206600C1C4B2 /* Downloader.swift in Sources */ = {isa = PBXBuildFile; fileRef = EBB5BA5929426E06003A2A5B /* Downloader.swift */; };
		EBDD7DB82976AAFE00C1C4B2 /* State.swift in Sources */ = {isa = PBXBuildFile; fileRef = EBDD7DB72976AAFE00C1C4B2 /* State.swift */; };
		EBDD7DB92976AAFE00C1C4B2 /* State.swift in Sources */ = {isa = PBXBuildFile; fileRef = EBDD7DB72976AAFE00C1C4B2 /* State.swift */; };
		EBDD7DBD2977FFB300C1C4B2 /* GeneratedImageView.swift in Sources */ = {isa = PBXBuildFile; fileRef = EBDD7DBB2977FFB300C1C4B2 /* GeneratedImageView.swift */; };
		EBDD7DC02978642200C1C4B2 /* Assets.xcassets in Resources */ = {isa = PBXBuildFile; fileRef = EBE755CC293E37DD00806B32 /* Assets.xcassets */; };
		EBE3FF4C295E1EFE00E921AA /* ModelInfo.swift in Sources */ = {isa = PBXBuildFile; fileRef = EBE3FF4B295E1EFE00E921AA /* ModelInfo.swift */; };
		EBE755C9293E37DD00806B32 /* DiffusionApp.swift in Sources */ = {isa = PBXBuildFile; fileRef = EBE755C8293E37DD00806B32 /* DiffusionApp.swift */; };
		EBE755CB293E37DD00806B32 /* TextToImage.swift in Sources */ = {isa = PBXBuildFile; fileRef = EBE755CA293E37DD00806B32 /* TextToImage.swift */; };
		EBE755CD293E37DD00806B32 /* Assets.xcassets in Resources */ = {isa = PBXBuildFile; fileRef = EBE755CC293E37DD00806B32 /* Assets.xcassets */; };
		EBE755D1293E37DD00806B32 /* Preview Assets.xcassets in Resources */ = {isa = PBXBuildFile; fileRef = EBE755D0293E37DD00806B32 /* Preview Assets.xcassets */; };
		EBE755DB293E37DE00806B32 /* DiffusionTests.swift in Sources */ = {isa = PBXBuildFile; fileRef = EBE755DA293E37DE00806B32 /* DiffusionTests.swift */; };
		EBE755E5293E37DE00806B32 /* DiffusionUITests.swift in Sources */ = {isa = PBXBuildFile; fileRef = EBE755E4293E37DE00806B32 /* DiffusionUITests.swift */; };
		EBE755E7293E37DE00806B32 /* DiffusionUITestsLaunchTests.swift in Sources */ = {isa = PBXBuildFile; fileRef = EBE755E6293E37DE00806B32 /* DiffusionUITestsLaunchTests.swift */; };
		EBE75602293E91E200806B32 /* Pipeline.swift in Sources */ = {isa = PBXBuildFile; fileRef = EBE75601293E91E200806B32 /* Pipeline.swift */; };
		EBE756092941178600806B32 /* Loading.swift in Sources */ = {isa = PBXBuildFile; fileRef = EBE756082941178600806B32 /* Loading.swift */; };
		F15520242971093300DC009B /* Diffusion_macOSApp.swift in Sources */ = {isa = PBXBuildFile; fileRef = F15520232971093300DC009B /* Diffusion_macOSApp.swift */; };
		F15520262971093300DC009B /* ContentView.swift in Sources */ = {isa = PBXBuildFile; fileRef = F15520252971093300DC009B /* ContentView.swift */; };
		F155202B2971093400DC009B /* Preview Assets.xcassets in Resources */ = {isa = PBXBuildFile; fileRef = F155202A2971093400DC009B /* Preview Assets.xcassets */; };
		F1552031297109C300DC009B /* ControlsView.swift in Sources */ = {isa = PBXBuildFile; fileRef = F1552030297109C300DC009B /* ControlsView.swift */; };
		F155203429710B3600DC009B /* StatusView.swift in Sources */ = {isa = PBXBuildFile; fileRef = F155203329710B3600DC009B /* StatusView.swift */; };
		F155203C297118E700DC009B /* CompactSlider in Frameworks */ = {isa = PBXBuildFile; productRef = F155203B297118E700DC009B /* CompactSlider */; };
/* End PBXBuildFile section */

/* Begin PBXContainerItemProxy section */
		EBE755D7293E37DE00806B32 /* PBXContainerItemProxy */ = {
			isa = PBXContainerItemProxy;
			containerPortal = EBE755BD293E37DD00806B32 /* Project object */;
			proxyType = 1;
			remoteGlobalIDString = EBE755C4293E37DD00806B32;
			remoteInfo = Diffusion;
		};
		EBE755E1293E37DE00806B32 /* PBXContainerItemProxy */ = {
			isa = PBXContainerItemProxy;
			containerPortal = EBE755BD293E37DD00806B32 /* Project object */;
			proxyType = 1;
			remoteGlobalIDString = EBE755C4293E37DD00806B32;
			remoteInfo = Diffusion;
		};
/* End PBXContainerItemProxy section */

/* Begin PBXFileReference section */
		EB067F862992E561004D1AD9 /* HelpContent.swift */ = {isa = PBXFileReference; lastKnownFileType = sourcecode.swift; path = HelpContent.swift; sourceTree = "<group>"; };
		EB33A51E2954E1BC00B16357 /* Info.plist */ = {isa = PBXFileReference; lastKnownFileType = text.plist; path = Info.plist; sourceTree = "<group>"; };
		EB560F0329A3C20800C0F8B8 /* Capabilities.swift */ = {isa = PBXFileReference; lastKnownFileType = sourcecode.swift; path = Capabilities.swift; sourceTree = "<group>"; };
		EB560F0529A4090D00C0F8B8 /* Info.plist */ = {isa = PBXFileReference; lastKnownFileType = text.plist; path = Info.plist; sourceTree = "<group>"; };
		EBB5BA5229425BEE003A2A5B /* PipelineLoader.swift */ = {isa = PBXFileReference; lastKnownFileType = sourcecode.swift; path = PipelineLoader.swift; sourceTree = "<group>"; };
		EBB5BA5929426E06003A2A5B /* Downloader.swift */ = {isa = PBXFileReference; lastKnownFileType = sourcecode.swift; path = Downloader.swift; sourceTree = "<group>"; };
		EBDD7DB22973200200C1C4B2 /* Utils.swift */ = {isa = PBXFileReference; lastKnownFileType = sourcecode.swift; path = Utils.swift; sourceTree = "<group>"; };
		EBDD7DB72976AAFE00C1C4B2 /* State.swift */ = {isa = PBXFileReference; lastKnownFileType = sourcecode.swift; path = State.swift; sourceTree = "<group>"; };
		EBDD7DBA2976F03600C1C4B2 /* debug.xcconfig */ = {isa = PBXFileReference; lastKnownFileType = text.xcconfig; name = debug.xcconfig; path = config/debug.xcconfig; sourceTree = "<group>"; };
		EBDD7DBB2977FFB300C1C4B2 /* GeneratedImageView.swift */ = {isa = PBXFileReference; lastKnownFileType = sourcecode.swift; path = GeneratedImageView.swift; sourceTree = "<group>"; };